
Microsoft Visual Studio Solution File, Format Version 12.00
# Visual Studio Version 17
VisualStudioVersion = 17.11.35312.102
MinimumVisualStudioVersion = 10.0.40219.1
Project("{FAE04EC0-301F-11D3-BF4B-00C04F79EFBC}") = "CursoNelioAula163.0", "CursoNelioAula163.0.csproj", "{D12D6FCE-8414-44BB-9BF6-08FBBAC0C5E4}"
EndProject
Global
	GlobalSection(SolutionConfigurationPlatforms) = preSolution
		Debug|Any CPU = Debug|Any CPU
		Release|Any CPU = Release|Any CPU
	EndGlobalSection
	GlobalSection(ProjectConfigurationPlatforms) = postSolution
		{D12D6FCE-8414-44BB-9BF6-08FBBAC0C5E4}.Debug|Any CPU.ActiveCfg = Debug|Any CPU
		{D12D6FCE-8414-44BB-9BF6-08FBBAC0C5E4}.Debug|Any CPU.Build.0 = Debug|Any CPU
		{D12D6FCE-8414-44BB-9BF6-08FBBAC0C5E4}.Release|Any CPU.ActiveCfg = Release|Any CPU
		{D12D6FCE-8414-44BB-9BF6-08FBBAC0C5E4}.Release|Any CPU.Build.0 = Release|Any CPU
	EndGlobalSection
	GlobalSection(SolutionProperties) = preSolution
		HideSolutionNode = FALSE
	EndGlobalSection
	GlobalSection(ExtensibilityGlobals) = postSolution
		SolutionGuid = {C3AED0F8-9F6D-488A-AED8-C139244B41C4}
	EndGlobalSection
EndGlobal
