
Microsoft Visual Studio Solution File, Format Version 12.00
# Visual Studio Version 17
VisualStudioVersion = 17.11.35312.102
MinimumVisualStudioVersion = 10.0.40219.1
Project("{FAE04EC0-301F-11D3-BF4B-00C04F79EFBC}") = "CursoNelioAula149.0", "CursoNelioAula149.0.csproj", "{ACD7FD22-2824-471A-A119-3B454A3ECC6C}"
EndProject
Global
	GlobalSection(SolutionConfigurationPlatforms) = preSolution
		Debug|Any CPU = Debug|Any CPU
		Release|Any CPU = Release|Any CPU
	EndGlobalSection
	GlobalSection(ProjectConfigurationPlatforms) = postSolution
		{ACD7FD22-2824-471A-A119-3B454A3ECC6C}.Debug|Any CPU.ActiveCfg = Debug|Any CPU
		{ACD7FD22-2824-471A-A119-3B454A3ECC6C}.Debug|Any CPU.Build.0 = Debug|Any CPU
		{ACD7FD22-2824-471A-A119-3B454A3ECC6C}.Release|Any CPU.ActiveCfg = Release|Any CPU
		{ACD7FD22-2824-471A-A119-3B454A3ECC6C}.Release|Any CPU.Build.0 = Release|Any CPU
	EndGlobalSection
	GlobalSection(SolutionProperties) = preSolution
		HideSolutionNode = FALSE
	EndGlobalSection
	GlobalSection(ExtensibilityGlobals) = postSolution
		SolutionGuid = {0C529830-74CB-4D09-BFF8-554431892984}
	EndGlobalSection
EndGlobal
