
Microsoft Visual Studio Solution File, Format Version 12.00
# Visual Studio Version 17
VisualStudioVersion = 17.11.35327.3
MinimumVisualStudioVersion = 10.0.40219.1
Project("{FAE04EC0-301F-11D3-BF4B-00C04F79EFBC}") = "CursoNelioAula168.1", "CursoNelioAula168.1\CursoNelioAula168.1.csproj", "{2FC6B9F2-A6EA-492C-A618-60304B7CCDBE}"
EndProject
Global
	GlobalSection(SolutionConfigurationPlatforms) = preSolution
		Debug|Any CPU = Debug|Any CPU
		Release|Any CPU = Release|Any CPU
	EndGlobalSection
	GlobalSection(ProjectConfigurationPlatforms) = postSolution
		{2FC6B9F2-A6EA-492C-A618-60304B7CCDBE}.Debug|Any CPU.ActiveCfg = Debug|Any CPU
		{2FC6B9F2-A6EA-492C-A618-60304B7CCDBE}.Debug|Any CPU.Build.0 = Debug|Any CPU
		{2FC6B9F2-A6EA-492C-A618-60304B7CCDBE}.Release|Any CPU.ActiveCfg = Release|Any CPU
		{2FC6B9F2-A6EA-492C-A618-60304B7CCDBE}.Release|Any CPU.Build.0 = Release|Any CPU
	EndGlobalSection
	GlobalSection(SolutionProperties) = preSolution
		HideSolutionNode = FALSE
	EndGlobalSection
	GlobalSection(ExtensibilityGlobals) = postSolution
		SolutionGuid = {CABE0407-A202-4EE2-A39D-28066BB7BE87}
	EndGlobalSection
EndGlobal
