
Microsoft Visual Studio Solution File, Format Version 12.00
# Visual Studio Version 17
VisualStudioVersion = 17.11.35312.102
MinimumVisualStudioVersion = 10.0.40219.1
Project("{FAE04EC0-301F-11D3-BF4B-00C04F79EFBC}") = "CursoNelioAula152.0", "CursoNelioAula152.0.csproj", "{DCB4C5B7-1C2A-4E72-80B7-857F7BAF3430}"
EndProject
Global
	GlobalSection(SolutionConfigurationPlatforms) = preSolution
		Debug|Any CPU = Debug|Any CPU
		Release|Any CPU = Release|Any CPU
	EndGlobalSection
	GlobalSection(ProjectConfigurationPlatforms) = postSolution
		{DCB4C5B7-1C2A-4E72-80B7-857F7BAF3430}.Debug|Any CPU.ActiveCfg = Debug|Any CPU
		{DCB4C5B7-1C2A-4E72-80B7-857F7BAF3430}.Debug|Any CPU.Build.0 = Debug|Any CPU
		{DCB4C5B7-1C2A-4E72-80B7-857F7BAF3430}.Release|Any CPU.ActiveCfg = Release|Any CPU
		{DCB4C5B7-1C2A-4E72-80B7-857F7BAF3430}.Release|Any CPU.Build.0 = Release|Any CPU
	EndGlobalSection
	GlobalSection(SolutionProperties) = preSolution
		HideSolutionNode = FALSE
	EndGlobalSection
	GlobalSection(ExtensibilityGlobals) = postSolution
		SolutionGuid = {C85F15EC-1DCF-4DF1-A3A1-86D068AABDED}
	EndGlobalSection
EndGlobal
