
Microsoft Visual Studio Solution File, Format Version 12.00
# Visual Studio Version 17
VisualStudioVersion = 17.11.35312.102
MinimumVisualStudioVersion = 10.0.40219.1
Project("{FAE04EC0-301F-11D3-BF4B-00C04F79EFBC}") = "CursoNelioAula153.0", "CursoNelioAula153.0.csproj", "{9769925D-7252-4974-AA24-105DDA9515AF}"
EndProject
Global
	GlobalSection(SolutionConfigurationPlatforms) = preSolution
		Debug|Any CPU = Debug|Any CPU
		Release|Any CPU = Release|Any CPU
	EndGlobalSection
	GlobalSection(ProjectConfigurationPlatforms) = postSolution
		{9769925D-7252-4974-AA24-105DDA9515AF}.Debug|Any CPU.ActiveCfg = Debug|Any CPU
		{9769925D-7252-4974-AA24-105DDA9515AF}.Debug|Any CPU.Build.0 = Debug|Any CPU
		{9769925D-7252-4974-AA24-105DDA9515AF}.Release|Any CPU.ActiveCfg = Release|Any CPU
		{9769925D-7252-4974-AA24-105DDA9515AF}.Release|Any CPU.Build.0 = Release|Any CPU
	EndGlobalSection
	GlobalSection(SolutionProperties) = preSolution
		HideSolutionNode = FALSE
	EndGlobalSection
	GlobalSection(ExtensibilityGlobals) = postSolution
		SolutionGuid = {08744730-26A9-4ECE-8D49-1199A6513EE4}
	EndGlobalSection
EndGlobal
