
Microsoft Visual Studio Solution File, Format Version 12.00
# Visual Studio Version 17
VisualStudioVersion = 17.11.35327.3
MinimumVisualStudioVersion = 10.0.40219.1
Project("{FAE04EC0-301F-11D3-BF4B-00C04F79EFBC}") = "CursoNelioAula165.6", "CursoNelioAula165.6\CursoNelioAula165.6.csproj", "{5CFF951C-9B45-4409-885F-F6A0230BCE55}"
EndProject
Global
	GlobalSection(SolutionConfigurationPlatforms) = preSolution
		Debug|Any CPU = Debug|Any CPU
		Release|Any CPU = Release|Any CPU
	EndGlobalSection
	GlobalSection(ProjectConfigurationPlatforms) = postSolution
		{5CFF951C-9B45-4409-885F-F6A0230BCE55}.Debug|Any CPU.ActiveCfg = Debug|Any CPU
		{5CFF951C-9B45-4409-885F-F6A0230BCE55}.Debug|Any CPU.Build.0 = Debug|Any CPU
		{5CFF951C-9B45-4409-885F-F6A0230BCE55}.Release|Any CPU.ActiveCfg = Release|Any CPU
		{5CFF951C-9B45-4409-885F-F6A0230BCE55}.Release|Any CPU.Build.0 = Release|Any CPU
	EndGlobalSection
	GlobalSection(SolutionProperties) = preSolution
		HideSolutionNode = FALSE
	EndGlobalSection
	GlobalSection(ExtensibilityGlobals) = postSolution
		SolutionGuid = {AC54789E-62A6-466E-8D95-02B5F664E68F}
	EndGlobalSection
EndGlobal
