
Microsoft Visual Studio Solution File, Format Version 12.00
# Visual Studio Version 17
VisualStudioVersion = 17.11.35312.102
MinimumVisualStudioVersion = 10.0.40219.1
Project("{FAE04EC0-301F-11D3-BF4B-00C04F79EFBC}") = "CursoNelioAula158.0", "CursoNelioAula158.0.csproj", "{8966A5E3-77A9-4616-ABCD-32B1D0FA4601}"
EndProject
Global
	GlobalSection(SolutionConfigurationPlatforms) = preSolution
		Debug|Any CPU = Debug|Any CPU
		Release|Any CPU = Release|Any CPU
	EndGlobalSection
	GlobalSection(ProjectConfigurationPlatforms) = postSolution
		{8966A5E3-77A9-4616-ABCD-32B1D0FA4601}.Debug|Any CPU.ActiveCfg = Debug|Any CPU
		{8966A5E3-77A9-4616-ABCD-32B1D0FA4601}.Debug|Any CPU.Build.0 = Debug|Any CPU
		{8966A5E3-77A9-4616-ABCD-32B1D0FA4601}.Release|Any CPU.ActiveCfg = Release|Any CPU
		{8966A5E3-77A9-4616-ABCD-32B1D0FA4601}.Release|Any CPU.Build.0 = Release|Any CPU
	EndGlobalSection
	GlobalSection(SolutionProperties) = preSolution
		HideSolutionNode = FALSE
	EndGlobalSection
	GlobalSection(ExtensibilityGlobals) = postSolution
		SolutionGuid = {0F46B5A1-9A4D-4693-919D-4244D1C2F028}
	EndGlobalSection
EndGlobal
