
Microsoft Visual Studio Solution File, Format Version 12.00
# Visual Studio Version 17
VisualStudioVersion = 17.11.35327.3
MinimumVisualStudioVersion = 10.0.40219.1
Project("{FAE04EC0-301F-11D3-BF4B-00C04F79EFBC}") = "CursoNelioAula172.3", "CursoNelioAula172.3\CursoNelioAula172.3.csproj", "{FB2075A4-F3E9-431A-A40D-B5DC64D6A632}"
EndProject
Global
	GlobalSection(SolutionConfigurationPlatforms) = preSolution
		Debug|Any CPU = Debug|Any CPU
		Release|Any CPU = Release|Any CPU
	EndGlobalSection
	GlobalSection(ProjectConfigurationPlatforms) = postSolution
		{FB2075A4-F3E9-431A-A40D-B5DC64D6A632}.Debug|Any CPU.ActiveCfg = Debug|Any CPU
		{FB2075A4-F3E9-431A-A40D-B5DC64D6A632}.Debug|Any CPU.Build.0 = Debug|Any CPU
		{FB2075A4-F3E9-431A-A40D-B5DC64D6A632}.Release|Any CPU.ActiveCfg = Release|Any CPU
		{FB2075A4-F3E9-431A-A40D-B5DC64D6A632}.Release|Any CPU.Build.0 = Release|Any CPU
	EndGlobalSection
	GlobalSection(SolutionProperties) = preSolution
		HideSolutionNode = FALSE
	EndGlobalSection
	GlobalSection(ExtensibilityGlobals) = postSolution
		SolutionGuid = {64F8DABD-D877-466E-AF37-38015FDA29F1}
	EndGlobalSection
EndGlobal
