
Microsoft Visual Studio Solution File, Format Version 12.00
# Visual Studio Version 17
VisualStudioVersion = 17.11.35312.102
MinimumVisualStudioVersion = 10.0.40219.1
Project("{FAE04EC0-301F-11D3-BF4B-00C04F79EFBC}") = "CursoNelioAula154.2", "CursoNelioAula154.2.csproj", "{A425D2C7-ADC6-4725-80F8-528DC0F249DC}"
EndProject
Global
	GlobalSection(SolutionConfigurationPlatforms) = preSolution
		Debug|Any CPU = Debug|Any CPU
		Release|Any CPU = Release|Any CPU
	EndGlobalSection
	GlobalSection(ProjectConfigurationPlatforms) = postSolution
		{A425D2C7-ADC6-4725-80F8-528DC0F249DC}.Debug|Any CPU.ActiveCfg = Debug|Any CPU
		{A425D2C7-ADC6-4725-80F8-528DC0F249DC}.Debug|Any CPU.Build.0 = Debug|Any CPU
		{A425D2C7-ADC6-4725-80F8-528DC0F249DC}.Release|Any CPU.ActiveCfg = Release|Any CPU
		{A425D2C7-ADC6-4725-80F8-528DC0F249DC}.Release|Any CPU.Build.0 = Release|Any CPU
	EndGlobalSection
	GlobalSection(SolutionProperties) = preSolution
		HideSolutionNode = FALSE
	EndGlobalSection
	GlobalSection(ExtensibilityGlobals) = postSolution
		SolutionGuid = {04106936-7907-4660-AADA-C1A4F088400A}
	EndGlobalSection
EndGlobal
