
Microsoft Visual Studio Solution File, Format Version 12.00
# Visual Studio Version 17
VisualStudioVersion = 17.11.35327.3
MinimumVisualStudioVersion = 10.0.40219.1
Project("{FAE04EC0-301F-11D3-BF4B-00C04F79EFBC}") = "CursoNelioAula163.5", "CursoNelioAula163.5\CursoNelioAula163.5.csproj", "{C2C42489-C420-4D86-93CB-40FEC6EFF22F}"
EndProject
Global
	GlobalSection(SolutionConfigurationPlatforms) = preSolution
		Debug|Any CPU = Debug|Any CPU
		Release|Any CPU = Release|Any CPU
	EndGlobalSection
	GlobalSection(ProjectConfigurationPlatforms) = postSolution
		{C2C42489-C420-4D86-93CB-40FEC6EFF22F}.Debug|Any CPU.ActiveCfg = Debug|Any CPU
		{C2C42489-C420-4D86-93CB-40FEC6EFF22F}.Debug|Any CPU.Build.0 = Debug|Any CPU
		{C2C42489-C420-4D86-93CB-40FEC6EFF22F}.Release|Any CPU.ActiveCfg = Release|Any CPU
		{C2C42489-C420-4D86-93CB-40FEC6EFF22F}.Release|Any CPU.Build.0 = Release|Any CPU
	EndGlobalSection
	GlobalSection(SolutionProperties) = preSolution
		HideSolutionNode = FALSE
	EndGlobalSection
	GlobalSection(ExtensibilityGlobals) = postSolution
		SolutionGuid = {9B09DB5E-3F7B-4702-B287-82259FEDCCA4}
	EndGlobalSection
EndGlobal
