
Microsoft Visual Studio Solution File, Format Version 12.00
# Visual Studio Version 17
VisualStudioVersion = 17.11.35327.3
MinimumVisualStudioVersion = 10.0.40219.1
Project("{FAE04EC0-301F-11D3-BF4B-00C04F79EFBC}") = "CursoNelioAula166.0", "CursoNelioAula166.0\CursoNelioAula166.0.csproj", "{D9DA5878-CC45-4449-9E42-6B75CA1EAF64}"
EndProject
Global
	GlobalSection(SolutionConfigurationPlatforms) = preSolution
		Debug|Any CPU = Debug|Any CPU
		Release|Any CPU = Release|Any CPU
	EndGlobalSection
	GlobalSection(ProjectConfigurationPlatforms) = postSolution
		{D9DA5878-CC45-4449-9E42-6B75CA1EAF64}.Debug|Any CPU.ActiveCfg = Debug|Any CPU
		{D9DA5878-CC45-4449-9E42-6B75CA1EAF64}.Debug|Any CPU.Build.0 = Debug|Any CPU
		{D9DA5878-CC45-4449-9E42-6B75CA1EAF64}.Release|Any CPU.ActiveCfg = Release|Any CPU
		{D9DA5878-CC45-4449-9E42-6B75CA1EAF64}.Release|Any CPU.Build.0 = Release|Any CPU
	EndGlobalSection
	GlobalSection(SolutionProperties) = preSolution
		HideSolutionNode = FALSE
	EndGlobalSection
	GlobalSection(ExtensibilityGlobals) = postSolution
		SolutionGuid = {77260D9C-0774-4D17-8120-EFB654D40636}
	EndGlobalSection
EndGlobal
